
Microsoft Visual Studio Solution File, Format Version 12.00
# Visual Studio Version 16
VisualStudioVersion = 16.0.29209.152
MinimumVisualStudioVersion = 10.0.40219.1
Project("{9A19103F-16F7-4668-BE54-9A1E7A4F7556}") = "Cethleann", "Cethleann\Cethleann.csproj", "{D30484B3-3BAF-496E-80FA-E63D5DB723C5}"
EndProject
Project("{9A19103F-16F7-4668-BE54-9A1E7A4F7556}") = "DragonLib", "DragonLib\DragonLib.csproj", "{DFB760A9-0BF2-4C75-A015-BA4787B0E20E}"
EndProject
Project("{FAE04EC0-301F-11D3-BF4B-00C04F79EFBC}") = "Cethleann.Unbundler", "Cethleann.Unbundler\Cethleann.Unbundler.csproj", "{F37C7661-1B73-487D-9FBB-6421968949E7}"
EndProject
Project("{2150E333-8FDC-42A3-9474-1A3956D46DE8}") = "Tool", "Tool", "{388956EC-D30E-4FF6-85E9-460C20EA944C}"
EndProject
Project("{FAE04EC0-301F-11D3-BF4B-00C04F79EFBC}") = "Gust.EncFinder", "Gust.EncFinder\Gust.EncFinder.csproj", "{3C146E07-EC6B-4098-B5EC-FBEA270FA6F0}"
EndProject
Project("{FAE04EC0-301F-11D3-BF4B-00C04F79EFBC}") = "Cethleann.Structure", "Cethleann.Structure\Cethleann.Structure.csproj", "{6EA7334B-D2F1-486E-A5C7-337FABF7B7D8}"
EndProject
Project("{FAE04EC0-301F-11D3-BF4B-00C04F79EFBC}") = "Cethleann.Prototype", "Cethleann.Prototype\Cethleann.Prototype.csproj", "{8AF4B89F-A020-407A-A846-F6C36035CF59}"
EndProject
Project("{FAE04EC0-301F-11D3-BF4B-00C04F79EFBC}") = "Nyotengu.Hasher", "Nyotengu.Hasher\Nyotengu.Hasher.csproj", "{14A05E6A-62C9-4FEF-B437-D7181BD12024}"
EndProject
Project("{FAE04EC0-301F-11D3-BF4B-00C04F79EFBC}") = "Nyotengu.KTID", "Nyotengu.KTID\Nyotengu.KTID.csproj", "{32DEF50E-1C82-48AD-BAC7-E245A7DABAF9}"
EndProject
Project("{FAE04EC0-301F-11D3-BF4B-00C04F79EFBC}") = "Nyotengu.Database", "Nyotengu.Database\Nyotengu.Database.csproj", "{04EF761D-64F9-42B4-93A9-9C8E95AD3AA3}"
EndProject
Project("{FAE04EC0-301F-11D3-BF4B-00C04F79EFBC}") = "Cethleann.DataExporter", "Cethleann.DataExporter\Cethleann.DataExporter.csproj", "{95F1057C-7CAC-45C6-8788-0397304B2522}"
EndProject
Project("{FAE04EC0-301F-11D3-BF4B-00C04F79EFBC}") = "Yshtola.Downloader", "Yshtola.Downloader\Yshtola.Downloader.csproj", "{E26A223D-5FA4-4227-9692-840AA3737D12}"
EndProject
Global
	GlobalSection(SolutionConfigurationPlatforms) = preSolution
		Debug|x64 = Debug|x64
		Release|x64 = Release|x64
	EndGlobalSection
	GlobalSection(ProjectConfigurationPlatforms) = postSolution
		{D30484B3-3BAF-496E-80FA-E63D5DB723C5}.Debug|x64.ActiveCfg = Debug|x64
		{D30484B3-3BAF-496E-80FA-E63D5DB723C5}.Debug|x64.Build.0 = Debug|x64
		{D30484B3-3BAF-496E-80FA-E63D5DB723C5}.Release|x64.ActiveCfg = Release|x64
		{D30484B3-3BAF-496E-80FA-E63D5DB723C5}.Release|x64.Build.0 = Release|x64
		{DFB760A9-0BF2-4C75-A015-BA4787B0E20E}.Debug|x64.ActiveCfg = Debug|x64
		{DFB760A9-0BF2-4C75-A015-BA4787B0E20E}.Debug|x64.Build.0 = Debug|x64
		{DFB760A9-0BF2-4C75-A015-BA4787B0E20E}.Release|x64.ActiveCfg = Release|x64
		{DFB760A9-0BF2-4C75-A015-BA4787B0E20E}.Release|x64.Build.0 = Release|x64
		{F37C7661-1B73-487D-9FBB-6421968949E7}.Debug|x64.ActiveCfg = Debug|x64
		{F37C7661-1B73-487D-9FBB-6421968949E7}.Debug|x64.Build.0 = Debug|x64
		{F37C7661-1B73-487D-9FBB-6421968949E7}.Release|x64.ActiveCfg = Release|x64
		{F37C7661-1B73-487D-9FBB-6421968949E7}.Release|x64.Build.0 = Release|x64
		{3C146E07-EC6B-4098-B5EC-FBEA270FA6F0}.Debug|x64.ActiveCfg = Debug|x64
		{3C146E07-EC6B-4098-B5EC-FBEA270FA6F0}.Debug|x64.Build.0 = Debug|x64
		{3C146E07-EC6B-4098-B5EC-FBEA270FA6F0}.Release|x64.ActiveCfg = Release|x64
		{3C146E07-EC6B-4098-B5EC-FBEA270FA6F0}.Release|x64.Build.0 = Release|x64
		{6EA7334B-D2F1-486E-A5C7-337FABF7B7D8}.Debug|x64.ActiveCfg = Debug|x64
		{6EA7334B-D2F1-486E-A5C7-337FABF7B7D8}.Debug|x64.Build.0 = Debug|x64
		{6EA7334B-D2F1-486E-A5C7-337FABF7B7D8}.Release|x64.ActiveCfg = Release|x64
		{6EA7334B-D2F1-486E-A5C7-337FABF7B7D8}.Release|x64.Build.0 = Release|x64
		{8AF4B89F-A020-407A-A846-F6C36035CF59}.Debug|x64.ActiveCfg = Debug|x64
		{8AF4B89F-A020-407A-A846-F6C36035CF59}.Debug|x64.Build.0 = Debug|x64
		{14A05E6A-62C9-4FEF-B437-D7181BD12024}.Debug|x64.ActiveCfg = Debug|x64
		{14A05E6A-62C9-4FEF-B437-D7181BD12024}.Debug|x64.Build.0 = Debug|x64
		{14A05E6A-62C9-4FEF-B437-D7181BD12024}.Release|x64.ActiveCfg = Release|x64
		{14A05E6A-62C9-4FEF-B437-D7181BD12024}.Release|x64.Build.0 = Release|x64
		{32DEF50E-1C82-48AD-BAC7-E245A7DABAF9}.Debug|x64.ActiveCfg = Debug|x64
		{32DEF50E-1C82-48AD-BAC7-E245A7DABAF9}.Debug|x64.Build.0 = Debug|x64
		{32DEF50E-1C82-48AD-BAC7-E245A7DABAF9}.Release|x64.ActiveCfg = Release|x64
		{32DEF50E-1C82-48AD-BAC7-E245A7DABAF9}.Release|x64.Build.0 = Release|x64
		{04EF761D-64F9-42B4-93A9-9C8E95AD3AA3}.Debug|x64.ActiveCfg = Debug|x64
		{04EF761D-64F9-42B4-93A9-9C8E95AD3AA3}.Debug|x64.Build.0 = Debug|x64
		{04EF761D-64F9-42B4-93A9-9C8E95AD3AA3}.Release|x64.ActiveCfg = Release|x64
		{04EF761D-64F9-42B4-93A9-9C8E95AD3AA3}.Release|x64.Build.0 = Release|x64
		{95F1057C-7CAC-45C6-8788-0397304B2522}.Debug|x64.ActiveCfg = Debug|x64
		{95F1057C-7CAC-45C6-8788-0397304B2522}.Debug|x64.Build.0 = Debug|x64
		{95F1057C-7CAC-45C6-8788-0397304B2522}.Release|x64.ActiveCfg = Release|x64
		{95F1057C-7CAC-45C6-8788-0397304B2522}.Release|x64.Build.0 = Release|x64
		{E26A223D-5FA4-4227-9692-840AA3737D12}.Debug|x64.ActiveCfg = Debug|x64
		{E26A223D-5FA4-4227-9692-840AA3737D12}.Debug|x64.Build.0 = Debug|x64
		{E26A223D-5FA4-4227-9692-840AA3737D12}.Release|x64.ActiveCfg = Release|x64
		{E26A223D-5FA4-4227-9692-840AA3737D12}.Release|x64.Build.0 = Release|x64
	EndGlobalSection
	GlobalSection(SolutionProperties) = preSolution
		HideSolutionNode = FALSE
	EndGlobalSection
	GlobalSection(NestedProjects) = preSolution
		{F37C7661-1B73-487D-9FBB-6421968949E7} = {388956EC-D30E-4FF6-85E9-460C20EA944C}
		{3C146E07-EC6B-4098-B5EC-FBEA270FA6F0} = {388956EC-D30E-4FF6-85E9-460C20EA944C}
		{8AF4B89F-A020-407A-A846-F6C36035CF59} = {388956EC-D30E-4FF6-85E9-460C20EA944C}
		{14A05E6A-62C9-4FEF-B437-D7181BD12024} = {388956EC-D30E-4FF6-85E9-460C20EA944C}
		{32DEF50E-1C82-48AD-BAC7-E245A7DABAF9} = {388956EC-D30E-4FF6-85E9-460C20EA944C}
		{04EF761D-64F9-42B4-93A9-9C8E95AD3AA3} = {388956EC-D30E-4FF6-85E9-460C20EA944C}
		{95F1057C-7CAC-45C6-8788-0397304B2522} = {388956EC-D30E-4FF6-85E9-460C20EA944C}
		{E26A223D-5FA4-4227-9692-840AA3737D12} = {388956EC-D30E-4FF6-85E9-460C20EA944C}
	EndGlobalSection
	GlobalSection(ExtensibilityGlobals) = postSolution
		SolutionGuid = {D101D9DD-E806-4794-B9BE-E43298235565}
	EndGlobalSection
EndGlobal
